schema: '2.0'
stages:
  download_dataset:
    cmd: poetry run python data/download_dataset.py
    deps:
    - path: data/download_dataset.py
      hash: md5
      md5: de2b7f395dfd6b2c431a402d861b389f
      size: 3872
    outs:
    - path: data/raw/instacart
      hash: md5
      md5: d77454baf88d147d71467d57d34b898c.dir
      size: 713369324
      nfiles: 6
  prepare_data:
    cmd: poetry run python -m ecommerce_recommender.prepare_data
    deps:
    - path: data/raw/instacart
      hash: md5
      md5: d77454baf88d147d71467d57d34b898c.dir
      size: 713369324
      nfiles: 6
    - path: data/reference/estimated_market_prices.csv
      hash: md5
      md5: cf787a5656238287546718f9fd008999
      size: 9808
    - path: ml_prep_kit/src/ml_prep_kit/sqlite_dataframe_store.py
      hash: md5
      md5: 2ce50c971446080b6e17fae7c8f35207
      size: 3173
    - path: src/ecommerce_recommender/prepare_data.py
      hash: md5
      md5: d54d8165c0394f2743fe945955100d51
      size: 15284
    outs:
    - path: data/training_data.db
      hash: md5
      md5: 6f8354adb19c09c8410d7afeb42f2906
      size: 37543936
  train_models:
    cmd: poetry run python -m ecommerce_recommender.main
    deps:
    - path: data/training_data.db
      hash: md5
      md5: 6f8354adb19c09c8410d7afeb42f2906
      size: 37543936
    - path: ml_prep_kit/src/ml_prep_kit
      hash: md5
      md5: fa00c10885ce324308e52c59278ed89f.dir
      size: 131965
      nfiles: 33
    - path: src/ecommerce_recommender
      hash: md5
      md5: 0feb23042f93b491cc7ea5df35ff1f00.dir
      size: 117406
      nfiles: 24
    outs:
    - path: mlflow.db
      hash: md5
      md5: 67a244b18a4ca271a4e036ad209ac664
      size: 712704
    - path: mlruns
      hash: md5
      md5: e0c65764254f9d47c2f52d44c48c356a.dir
      size: 487158
      nfiles: 23
